
Microsoft Visual Studio Solution File, Format Version 12.00
Project("{FAE04EC0-301F-11D3-BF4B-00C04F79EFBC}") = "AppointmentSchedulerAPI", "AppointmentSchedulerAPI\AppointmentSchedulerAPI.csproj", "{93A4DC58-9F65-4107-9930-E336FDF03672}"
EndProject
Project("{FAE04EC0-301F-11D3-BF4B-00C04F79EFBC}") = "AppointmentScheduler.Test", "AppointmentScheduler.Test\AppointmentScheduler.Test.csproj", "{8771AD83-6AEF-4DD1-835A-B41D1EA9D193}"
EndProject
Global
	GlobalSection(SolutionConfigurationPlatforms) = preSolution
		Debug|Any CPU = Debug|Any CPU
		Release|Any CPU = Release|Any CPU
	EndGlobalSection
	GlobalSection(ProjectConfigurationPlatforms) = postSolution
		{93A4DC58-9F65-4107-9930-E336FDF03672}.Debug|Any CPU.ActiveCfg = Debug|Any CPU
		{93A4DC58-9F65-4107-9930-E336FDF03672}.Debug|Any CPU.Build.0 = Debug|Any CPU
		{93A4DC58-9F65-4107-9930-E336FDF03672}.Release|Any CPU.ActiveCfg = Release|Any CPU
		{93A4DC58-9F65-4107-9930-E336FDF03672}.Release|Any CPU.Build.0 = Release|Any CPU
		{8771AD83-6AEF-4DD1-835A-B41D1EA9D193}.Debug|Any CPU.ActiveCfg = Debug|Any CPU
		{8771AD83-6AEF-4DD1-835A-B41D1EA9D193}.Debug|Any CPU.Build.0 = Debug|Any CPU
		{8771AD83-6AEF-4DD1-835A-B41D1EA9D193}.Release|Any CPU.ActiveCfg = Release|Any CPU
		{8771AD83-6AEF-4DD1-835A-B41D1EA9D193}.Release|Any CPU.Build.0 = Release|Any CPU
	EndGlobalSection
EndGlobal
